
Microsoft Visual Studio Solution File, Format Version 12.00
# Visual Studio 15
VisualStudioVersion = 15.0.27130.2020
MinimumVisualStudioVersion = 10.0.40219.1
Project("{FAE04EC0-301F-11D3-BF4B-00C04F79EFBC}") = "TestApplication1", "TestApplication1\TestApplication1.csproj", "{856AB081-45D3-47D4-B939-C66ED5D65BF4}"
EndProject
Project("{FAE04EC0-301F-11D3-BF4B-00C04F79EFBC}") = "BLL", "BLL\BLL.csproj", "{1A481DD8-3D4D-40BB-989A-F06055DDE4D7}"
EndProject
Project("{FAE04EC0-301F-11D3-BF4B-00C04F79EFBC}") = "BLL.Tests", "BLL.Tests\BLL.Tests.csproj", "{2489AA16-B1D4-449F-A3EC-4D14F477D23F}"
EndProject
Global
	GlobalSection(SolutionConfigurationPlatforms) = preSolution
		Debug|Any CPU = Debug|Any CPU
		Release|Any CPU = Release|Any CPU
	EndGlobalSection
	GlobalSection(ProjectConfigurationPlatforms) = postSolution
		{856AB081-45D3-47D4-B939-C66ED5D65BF4}.Debug|Any CPU.ActiveCfg = Debug|Any CPU
		{856AB081-45D3-47D4-B939-C66ED5D65BF4}.Debug|Any CPU.Build.0 = Debug|Any CPU
		{856AB081-45D3-47D4-B939-C66ED5D65BF4}.Release|Any CPU.ActiveCfg = Release|Any CPU
		{856AB081-45D3-47D4-B939-C66ED5D65BF4}.Release|Any CPU.Build.0 = Release|Any CPU
		{1A481DD8-3D4D-40BB-989A-F06055DDE4D7}.Debug|Any CPU.ActiveCfg = Debug|Any CPU
		{1A481DD8-3D4D-40BB-989A-F06055DDE4D7}.Debug|Any CPU.Build.0 = Debug|Any CPU
		{1A481DD8-3D4D-40BB-989A-F06055DDE4D7}.Release|Any CPU.ActiveCfg = Release|Any CPU
		{1A481DD8-3D4D-40BB-989A-F06055DDE4D7}.Release|Any CPU.Build.0 = Release|Any CPU
		{2489AA16-B1D4-449F-A3EC-4D14F477D23F}.Debug|Any CPU.ActiveCfg = Debug|Any CPU
		{2489AA16-B1D4-449F-A3EC-4D14F477D23F}.Debug|Any CPU.Build.0 = Debug|Any CPU
		{2489AA16-B1D4-449F-A3EC-4D14F477D23F}.Release|Any CPU.ActiveCfg = Release|Any CPU
		{2489AA16-B1D4-449F-A3EC-4D14F477D23F}.Release|Any CPU.Build.0 = Release|Any CPU
	EndGlobalSection
	GlobalSection(SolutionProperties) = preSolution
		HideSolutionNode = FALSE
	EndGlobalSection
	GlobalSection(ExtensibilityGlobals) = postSolution
		SolutionGuid = {C9929449-0D14-4EE8-AB67-433FBD4BEA99}
	EndGlobalSection
EndGlobal
